<Solution>
  <Configurations>
    <Platform Name="Any CPU" />
    <Platform Name="x64" />
    <Platform Name="x86" />
  </Configurations>
  <Folder Name="/Providers/">
    <Project Path="DataAccess.Firestore/DataAccess.Firestore.csproj" />
    <Project Path="DataAccess.MongoDB/DataAccess.MongoDB.csproj" />
    <Project Path="DataAccess.MySQL/DataAccess.MySQL.csproj" />
    <Project Path="DataAccess.PostgreSQL/DataAccess.PostgreSQL.csproj" />
    <Project Path="DataAccess.SQLite/DataAccess.SQLite.csproj" />
    <Project Path="DataAccess.SQLServer/DataAccess.SQLServer.csproj" />
  </Folder>
  <Folder Name="/Solution Items/">
    <File Path="Directory.Build.props" />
    <File Path="README.md" />
  </Folder>
  <Folder Name="/Tests/">
    <Project Path="DataAccess.PostgreSQL.Tests/DataAccess.PostgreSQL.Tests.csproj" />
  </Folder>
  <Project Path="DataAccess.Abstractions/DataAccess.Abstractions.csproj" />
  <Project Path="DataAccess.Core/DataAccess.Core.csproj" />
  <Project Path="DataAccess.MongoDB.Tests/DataAccess.MongoDB.Tests.csproj" />
  <Project Path="DataAccess.SQLite.Tests/DataAccess.SQLite.Tests.csproj" />
</Solution>
