
Microsoft Visual Studio Solution File, Format Version 12.00
# Visual Studio Version 18
VisualStudioVersion = 18.7.11925.98
MinimumVisualStudioVersion = 10.0.40219.1
Project("{2150E333-8FDC-42A3-9474-1A3956D46DE8}") = "Solution Items", "Solution Items", "{E68ED701-395B-4EEC-9C04-E56174B3EA26}"
	ProjectSection(SolutionItems) = preProject
		Directory.Build.props = Directory.Build.props
		README.md = README.md
	EndProjectSection
EndProject
Project("{FAE04EC0-301F-11D3-BF4B-00C04F79EFBC}") = "DataAccess.Abstractions", "DataAccess.Abstractions\DataAccess.Abstractions.csproj", "{0D0188A9-A0FE-4279-BDD6-E42AA51EB768}"
EndProject
Project("{FAE04EC0-301F-11D3-BF4B-00C04F79EFBC}") = "DataAccess.Core", "DataAccess.Core\DataAccess.Core.csproj", "{904103A5-6B68-46F7-AEA6-7D706AA1DD5E}"
EndProject
Project("{FAE04EC0-301F-11D3-BF4B-00C04F79EFBC}") = "DataAccess.MongoDB", "DataAccess.MongoDB\DataAccess.MongoDB.csproj", "{ABBCD214-F9FD-4012-BA82-FAC38D8C9FCD}"
EndProject
Project("{FAE04EC0-301F-11D3-BF4B-00C04F79EFBC}") = "DataAccess.SQLite", "DataAccess.SQLite\DataAccess.SQLite.csproj", "{D3AF6423-DD31-4F54-BDDC-3F98AEDBE480}"
EndProject
Project("{FAE04EC0-301F-11D3-BF4B-00C04F79EFBC}") = "DataAccess.Firestore", "DataAccess.Firestore\DataAccess.Firestore.csproj", "{6D7757B3-9EA0-44EA-9091-66C7ABECB178}"
EndProject
Project("{2150E333-8FDC-42A3-9474-1A3956D46DE8}") = "Providers", "Providers", "{0A208420-60A1-44EA-A6DC-667D9D8D3ACF}"
EndProject
Project("{FAE04EC0-301F-11D3-BF4B-00C04F79EFBC}") = "DataAccess.PostgreSQL", "DataAccess.PostgreSQL\DataAccess.PostgreSQL.csproj", "{25832FD9-D3B5-41BA-904A-3B523DD8E485}"
EndProject
Project("{FAE04EC0-301F-11D3-BF4B-00C04F79EFBC}") = "DataAccess.MySQL", "DataAccess.MySQL\DataAccess.MySQL.csproj", "{5BFDEE54-DBBC-4B8E-880B-B0DB7758C89D}"
EndProject
Project("{FAE04EC0-301F-11D3-BF4B-00C04F79EFBC}") = "DataAccess.SQLServer", "DataAccess.SQLServer\DataAccess.SQLServer.csproj", "{BF3C4F13-D6A2-4DEF-9C02-DA0B380044BF}"
EndProject
Global
	GlobalSection(SolutionConfigurationPlatforms) = preSolution
		Debug|Any CPU = Debug|Any CPU
		Debug|x64 = Debug|x64
		Debug|x86 = Debug|x86
		Release|Any CPU = Release|Any CPU
		Release|x64 = Release|x64
		Release|x86 = Release|x86
	EndGlobalSection
	GlobalSection(ProjectConfigurationPlatforms) = postSolution
		{0D0188A9-A0FE-4279-BDD6-E42AA51EB768}.Debug|Any CPU.ActiveCfg = Debug|Any CPU
		{0D0188A9-A0FE-4279-BDD6-E42AA51EB768}.Debug|Any CPU.Build.0 = Debug|Any CPU
		{0D0188A9-A0FE-4279-BDD6-E42AA51EB768}.Debug|x64.ActiveCfg = Debug|Any CPU
		{0D0188A9-A0FE-4279-BDD6-E42AA51EB768}.Debug|x64.Build.0 = Debug|Any CPU
		{0D0188A9-A0FE-4279-BDD6-E42AA51EB768}.Debug|x86.ActiveCfg = Debug|Any CPU
		{0D0188A9-A0FE-4279-BDD6-E42AA51EB768}.Debug|x86.Build.0 = Debug|Any CPU
		{0D0188A9-A0FE-4279-BDD6-E42AA51EB768}.Release|Any CPU.ActiveCfg = Release|Any CPU
		{0D0188A9-A0FE-4279-BDD6-E42AA51EB768}.Release|Any CPU.Build.0 = Release|Any CPU
		{0D0188A9-A0FE-4279-BDD6-E42AA51EB768}.Release|x64.ActiveCfg = Release|Any CPU
		{0D0188A9-A0FE-4279-BDD6-E42AA51EB768}.Release|x64.Build.0 = Release|Any CPU
		{0D0188A9-A0FE-4279-BDD6-E42AA51EB768}.Release|x86.ActiveCfg = Release|Any CPU
		{0D0188A9-A0FE-4279-BDD6-E42AA51EB768}.Release|x86.Build.0 = Release|Any CPU
		{904103A5-6B68-46F7-AEA6-7D706AA1DD5E}.Debug|Any CPU.ActiveCfg = Debug|Any CPU
		{904103A5-6B68-46F7-AEA6-7D706AA1DD5E}.Debug|Any CPU.Build.0 = Debug|Any CPU
		{904103A5-6B68-46F7-AEA6-7D706AA1DD5E}.Debug|x64.ActiveCfg = Debug|Any CPU
		{904103A5-6B68-46F7-AEA6-7D706AA1DD5E}.Debug|x64.Build.0 = Debug|Any CPU
		{904103A5-6B68-46F7-AEA6-7D706AA1DD5E}.Debug|x86.ActiveCfg = Debug|Any CPU
		{904103A5-6B68-46F7-AEA6-7D706AA1DD5E}.Debug|x86.Build.0 = Debug|Any CPU
		{904103A5-6B68-46F7-AEA6-7D706AA1DD5E}.Release|Any CPU.ActiveCfg = Release|Any CPU
		{904103A5-6B68-46F7-AEA6-7D706AA1DD5E}.Release|Any CPU.Build.0 = Release|Any CPU
		{904103A5-6B68-46F7-AEA6-7D706AA1DD5E}.Release|x64.ActiveCfg = Release|Any CPU
		{904103A5-6B68-46F7-AEA6-7D706AA1DD5E}.Release|x64.Build.0 = Release|Any CPU
		{904103A5-6B68-46F7-AEA6-7D706AA1DD5E}.Release|x86.ActiveCfg = Release|Any CPU
		{904103A5-6B68-46F7-AEA6-7D706AA1DD5E}.Release|x86.Build.0 = Release|Any CPU
		{ABBCD214-F9FD-4012-BA82-FAC38D8C9FCD}.Debug|Any CPU.ActiveCfg = Debug|Any CPU
		{ABBCD214-F9FD-4012-BA82-FAC38D8C9FCD}.Debug|Any CPU.Build.0 = Debug|Any CPU
		{ABBCD214-F9FD-4012-BA82-FAC38D8C9FCD}.Debug|x64.ActiveCfg = Debug|Any CPU
		{ABBCD214-F9FD-4012-BA82-FAC38D8C9FCD}.Debug|x64.Build.0 = Debug|Any CPU
		{ABBCD214-F9FD-4012-BA82-FAC38D8C9FCD}.Debug|x86.ActiveCfg = Debug|Any CPU
		{ABBCD214-F9FD-4012-BA82-FAC38D8C9FCD}.Debug|x86.Build.0 = Debug|Any CPU
		{ABBCD214-F9FD-4012-BA82-FAC38D8C9FCD}.Release|Any CPU.ActiveCfg = Release|Any CPU
		{ABBCD214-F9FD-4012-BA82-FAC38D8C9FCD}.Release|Any CPU.Build.0 = Release|Any CPU
		{ABBCD214-F9FD-4012-BA82-FAC38D8C9FCD}.Release|x64.ActiveCfg = Release|Any CPU
		{ABBCD214-F9FD-4012-BA82-FAC38D8C9FCD}.Release|x64.Build.0 = Release|Any CPU
		{ABBCD214-F9FD-4012-BA82-FAC38D8C9FCD}.Release|x86.ActiveCfg = Release|Any CPU
		{ABBCD214-F9FD-4012-BA82-FAC38D8C9FCD}.Release|x86.Build.0 = Release|Any CPU
		{D3AF6423-DD31-4F54-BDDC-3F98AEDBE480}.Debug|Any CPU.ActiveCfg = Debug|Any CPU
		{D3AF6423-DD31-4F54-BDDC-3F98AEDBE480}.Debug|Any CPU.Build.0 = Debug|Any CPU
		{D3AF6423-DD31-4F54-BDDC-3F98AEDBE480}.Debug|x64.ActiveCfg = Debug|Any CPU
		{D3AF6423-DD31-4F54-BDDC-3F98AEDBE480}.Debug|x64.Build.0 = Debug|Any CPU
		{D3AF6423-DD31-4F54-BDDC-3F98AEDBE480}.Debug|x86.ActiveCfg = Debug|Any CPU
		{D3AF6423-DD31-4F54-BDDC-3F98AEDBE480}.Debug|x86.Build.0 = Debug|Any CPU
		{D3AF6423-DD31-4F54-BDDC-3F98AEDBE480}.Release|Any CPU.ActiveCfg = Release|Any CPU
		{D3AF6423-DD31-4F54-BDDC-3F98AEDBE480}.Release|Any CPU.Build.0 = Release|Any CPU
		{D3AF6423-DD31-4F54-BDDC-3F98AEDBE480}.Release|x64.ActiveCfg = Release|Any CPU
		{D3AF6423-DD31-4F54-BDDC-3F98AEDBE480}.Release|x64.Build.0 = Release|Any CPU
		{D3AF6423-DD31-4F54-BDDC-3F98AEDBE480}.Release|x86.ActiveCfg = Release|Any CPU
		{D3AF6423-DD31-4F54-BDDC-3F98AEDBE480}.Release|x86.Build.0 = Release|Any CPU
		{6D7757B3-9EA0-44EA-9091-66C7ABECB178}.Debug|Any CPU.ActiveCfg = Debug|Any CPU
		{6D7757B3-9EA0-44EA-9091-66C7ABECB178}.Debug|Any CPU.Build.0 = Debug|Any CPU
		{6D7757B3-9EA0-44EA-9091-66C7ABECB178}.Debug|x64.ActiveCfg = Debug|Any CPU
		{6D7757B3-9EA0-44EA-9091-66C7ABECB178}.Debug|x64.Build.0 = Debug|Any CPU
		{6D7757B3-9EA0-44EA-9091-66C7ABECB178}.Debug|x86.ActiveCfg = Debug|Any CPU
		{6D7757B3-9EA0-44EA-9091-66C7ABECB178}.Debug|x86.Build.0 = Debug|Any CPU
		{6D7757B3-9EA0-44EA-9091-66C7ABECB178}.Release|Any CPU.ActiveCfg = Release|Any CPU
		{6D7757B3-9EA0-44EA-9091-66C7ABECB178}.Release|Any CPU.Build.0 = Release|Any CPU
		{6D7757B3-9EA0-44EA-9091-66C7ABECB178}.Release|x64.ActiveCfg = Release|Any CPU
		{6D7757B3-9EA0-44EA-9091-66C7ABECB178}.Release|x64.Build.0 = Release|Any CPU
		{6D7757B3-9EA0-44EA-9091-66C7ABECB178}.Release|x86.ActiveCfg = Release|Any CPU
		{6D7757B3-9EA0-44EA-9091-66C7ABECB178}.Release|x86.Build.0 = Release|Any CPU
		{25832FD9-D3B5-41BA-904A-3B523DD8E485}.Debug|Any CPU.ActiveCfg = Debug|Any CPU
		{25832FD9-D3B5-41BA-904A-3B523DD8E485}.Debug|Any CPU.Build.0 = Debug|Any CPU
		{25832FD9-D3B5-41BA-904A-3B523DD8E485}.Debug|x64.ActiveCfg = Debug|Any CPU
		{25832FD9-D3B5-41BA-904A-3B523DD8E485}.Debug|x64.Build.0 = Debug|Any CPU
		{25832FD9-D3B5-41BA-904A-3B523DD8E485}.Debug|x86.ActiveCfg = Debug|Any CPU
		{25832FD9-D3B5-41BA-904A-3B523DD8E485}.Debug|x86.Build.0 = Debug|Any CPU
		{25832FD9-D3B5-41BA-904A-3B523DD8E485}.Release|Any CPU.ActiveCfg = Release|Any CPU
		{25832FD9-D3B5-41BA-904A-3B523DD8E485}.Release|Any CPU.Build.0 = Release|Any CPU
		{25832FD9-D3B5-41BA-904A-3B523DD8E485}.Release|x64.ActiveCfg = Release|Any CPU
		{25832FD9-D3B5-41BA-904A-3B523DD8E485}.Release|x64.Build.0 = Release|Any CPU
		{25832FD9-D3B5-41BA-904A-3B523DD8E485}.Release|x86.ActiveCfg = Release|Any CPU
		{25832FD9-D3B5-41BA-904A-3B523DD8E485}.Release|x86.Build.0 = Release|Any CPU
		{5BFDEE54-DBBC-4B8E-880B-B0DB7758C89D}.Debug|Any CPU.ActiveCfg = Debug|Any CPU
		{5BFDEE54-DBBC-4B8E-880B-B0DB7758C89D}.Debug|Any CPU.Build.0 = Debug|Any CPU
		{5BFDEE54-DBBC-4B8E-880B-B0DB7758C89D}.Debug|x64.ActiveCfg = Debug|Any CPU
		{5BFDEE54-DBBC-4B8E-880B-B0DB7758C89D}.Debug|x64.Build.0 = Debug|Any CPU
		{5BFDEE54-DBBC-4B8E-880B-B0DB7758C89D}.Debug|x86.ActiveCfg = Debug|Any CPU
		{5BFDEE54-DBBC-4B8E-880B-B0DB7758C89D}.Debug|x86.Build.0 = Debug|Any CPU
		{5BFDEE54-DBBC-4B8E-880B-B0DB7758C89D}.Release|Any CPU.ActiveCfg = Release|Any CPU
		{5BFDEE54-DBBC-4B8E-880B-B0DB7758C89D}.Release|Any CPU.Build.0 = Release|Any CPU
		{5BFDEE54-DBBC-4B8E-880B-B0DB7758C89D}.Release|x64.ActiveCfg = Release|Any CPU
		{5BFDEE54-DBBC-4B8E-880B-B0DB7758C89D}.Release|x64.Build.0 = Release|Any CPU
		{5BFDEE54-DBBC-4B8E-880B-B0DB7758C89D}.Release|x86.ActiveCfg = Release|Any CPU
		{5BFDEE54-DBBC-4B8E-880B-B0DB7758C89D}.Release|x86.Build.0 = Release|Any CPU
		{BF3C4F13-D6A2-4DEF-9C02-DA0B380044BF}.Debug|Any CPU.ActiveCfg = Debug|Any CPU
		{BF3C4F13-D6A2-4DEF-9C02-DA0B380044BF}.Debug|Any CPU.Build.0 = Debug|Any CPU
		{BF3C4F13-D6A2-4DEF-9C02-DA0B380044BF}.Debug|x64.ActiveCfg = Debug|Any CPU
		{BF3C4F13-D6A2-4DEF-9C02-DA0B380044BF}.Debug|x64.Build.0 = Debug|Any CPU
		{BF3C4F13-D6A2-4DEF-9C02-DA0B380044BF}.Debug|x86.ActiveCfg = Debug|Any CPU
		{BF3C4F13-D6A2-4DEF-9C02-DA0B380044BF}.Debug|x86.Build.0 = Debug|Any CPU
		{BF3C4F13-D6A2-4DEF-9C02-DA0B380044BF}.Release|Any CPU.ActiveCfg = Release|Any CPU
		{BF3C4F13-D6A2-4DEF-9C02-DA0B380044BF}.Release|Any CPU.Build.0 = Release|Any CPU
		{BF3C4F13-D6A2-4DEF-9C02-DA0B380044BF}.Release|x64.ActiveCfg = Release|Any CPU
		{BF3C4F13-D6A2-4DEF-9C02-DA0B380044BF}.Release|x64.Build.0 = Release|Any CPU
		{BF3C4F13-D6A2-4DEF-9C02-DA0B380044BF}.Release|x86.ActiveCfg = Release|Any CPU
		{BF3C4F13-D6A2-4DEF-9C02-DA0B380044BF}.Release|x86.Build.0 = Release|Any CPU
	EndGlobalSection
	GlobalSection(SolutionProperties) = preSolution
		HideSolutionNode = FALSE
	EndGlobalSection
	GlobalSection(NestedProjects) = preSolution
		{ABBCD214-F9FD-4012-BA82-FAC38D8C9FCD} = {0A208420-60A1-44EA-A6DC-667D9D8D3ACF}
		{D3AF6423-DD31-4F54-BDDC-3F98AEDBE480} = {0A208420-60A1-44EA-A6DC-667D9D8D3ACF}
		{6D7757B3-9EA0-44EA-9091-66C7ABECB178} = {0A208420-60A1-44EA-A6DC-667D9D8D3ACF}
		{25832FD9-D3B5-41BA-904A-3B523DD8E485} = {0A208420-60A1-44EA-A6DC-667D9D8D3ACF}
		{5BFDEE54-DBBC-4B8E-880B-B0DB7758C89D} = {0A208420-60A1-44EA-A6DC-667D9D8D3ACF}
		{BF3C4F13-D6A2-4DEF-9C02-DA0B380044BF} = {0A208420-60A1-44EA-A6DC-667D9D8D3ACF}
	EndGlobalSection
	GlobalSection(ExtensibilityGlobals) = postSolution
		SolutionGuid = {2B926E2F-EC9E-4846-BB88-4761574CEC10}
	EndGlobalSection
EndGlobal
